// !$*UTF8*$!
{
	archiveVersion = 1;
	classes = {
	};
	objectVersion = 56;
	objects = {

/* Begin PBXBuildFile section */
		049E373F2C113AB800DD2F69 /* WelcomePage.swift in Sources */ = {isa = PBXBuildFile; fileRef = 049E373E2C113AB800DD2F69 /* WelcomePage.swift */; };
		049E37502C1168F800DD2F69 /* LogIn.swift in Sources */ = {isa = PBXBuildFile; fileRef = 049E374F2C1168F800DD2F69 /* LogIn.swift */; };
		880FC53D2C0FE7D700A78F3E /* nameInputScreen.swift in Sources */ = {isa = PBXBuildFile; fileRef = 880FC53C2C0FE7D700A78F3E /* nameInputScreen.swift */; };
		880FC53F2C0FEEF800A78F3E /* whyDownloadScreen.swift in Sources */ = {isa = PBXBuildFile; fileRef = 880FC53E2C0FEEF800A78F3E /* whyDownloadScreen.swift */; };
		8820B9E52C11369000F01434 /* toggleButton.swift in Sources */ = {isa = PBXBuildFile; fileRef = 8820B9E42C11369000F01434 /* toggleButton.swift */; };
		88C425F12C0E904800ADECAD /* goalInputScreen.swift in Sources */ = {isa = PBXBuildFile; fileRef = 88C425F02C0E904800ADECAD /* goalInputScreen.swift */; };
		88FB78812C1295E400F61A74 /* LevelDropdown.swift in Sources */ = {isa = PBXBuildFile; fileRef = 88FB787C2C1295E400F61A74 /* LevelDropdown.swift */; };
		88FB78822C1295E400F61A74 /* LevelDropdownExpanded.swift in Sources */ = {isa = PBXBuildFile; fileRef = 88FB787D2C1295E400F61A74 /* LevelDropdownExpanded.swift */; };
		88FB78832C1295E400F61A74 /* LevelDropdownNewActivity.swift in Sources */ = {isa = PBXBuildFile; fileRef = 88FB787E2C1295E400F61A74 /* LevelDropdownNewActivity.swift */; };
		88FB78842C1295E400F61A74 /* LevelDropdownNoActivity.swift in Sources */ = {isa = PBXBuildFile; fileRef = 88FB787F2C1295E400F61A74 /* LevelDropdownNoActivity.swift */; };
		88FB78862C1295F400F61A74 /* activitySelectedScreen.swift in Sources */ = {isa = PBXBuildFile; fileRef = 88FB78852C1295F400F61A74 /* activitySelectedScreen.swift */; };
		88FB788C2C129A8A00F61A74 /* Assets.xcassets in Resources */ = {isa = PBXBuildFile; fileRef = 88FB78872C129A8A00F61A74 /* Assets.xcassets */; };
		88FB788D2C129A8A00F61A74 /* Onboarding.swift in Sources */ = {isa = PBXBuildFile; fileRef = 88FB78882C129A8A00F61A74 /* Onboarding.swift */; };
		88FB788E2C129A8A00F61A74 /* Onboarding2.swift in Sources */ = {isa = PBXBuildFile; fileRef = 88FB78892C129A8A00F61A74 /* Onboarding2.swift */; };
		88FB788F2C129A8A00F61A74 /* toggleButton.swift in Sources */ = {isa = PBXBuildFile; fileRef = 88FB788A2C129A8A00F61A74 /* toggleButton.swift */; };
		B37BEF762C0FEE57004E34D8 /* WoofleActionButton.swift in Sources */ = {isa = PBXBuildFile; fileRef = B37BEF752C0FEE57004E34D8 /* WoofleActionButton.swift */; };
		B39B7CB52C0E9822000B9089 /* ActivitySelectionCard.swift in Sources */ = {isa = PBXBuildFile; fileRef = B39B7CB42C0E9822000B9089 /* ActivitySelectionCard.swift */; };
		B3A8DC7B2C08095400ED5B9A /* woofleApp.swift in Sources */ = {isa = PBXBuildFile; fileRef = B3A8DC7A2C08095400ED5B9A /* woofleApp.swift */; };
		B3A8DC7F2C08095500ED5B9A /* Assets.xcassets in Resources */ = {isa = PBXBuildFile; fileRef = B3A8DC7E2C08095500ED5B9A /* Assets.xcassets */; };
		B3A8DC822C08095500ED5B9A /* Preview Assets.xcassets in Resources */ = {isa = PBXBuildFile; fileRef = B3A8DC812C08095500ED5B9A /* Preview Assets.xcassets */; };
		B3A8DC8C2C08095600ED5B9A /* woofleTests.swift in Sources */ = {isa = PBXBuildFile; fileRef = B3A8DC8B2C08095600ED5B9A /* woofleTests.swift */; };
		B3A8DC962C08095600ED5B9A /* woofleUITests.swift in Sources */ = {isa = PBXBuildFile; fileRef = B3A8DC952C08095600ED5B9A /* woofleUITests.swift */; };
		B3A8DC982C08095600ED5B9A /* woofleUITestsLaunchTests.swift in Sources */ = {isa = PBXBuildFile; fileRef = B3A8DC972C08095600ED5B9A /* woofleUITestsLaunchTests.swift */; };
		B3A8DCAC2C0D555000ED5B9A /* SampleSwiftController.swift in Sources */ = {isa = PBXBuildFile; fileRef = B3A8DCAB2C0D555000ED5B9A /* SampleSwiftController.swift */; };
		B3A8DCAE2C0D556100ED5B9A /* SampleSwiftModel.swift in Sources */ = {isa = PBXBuildFile; fileRef = B3A8DCAD2C0D556100ED5B9A /* SampleSwiftModel.swift */; };
		B3A8DCB02C0D635A00ED5B9A /* User.swift in Sources */ = {isa = PBXBuildFile; fileRef = B3A8DCAF2C0D635A00ED5B9A /* User.swift */; };
		B3A8DCB22C0D63B200ED5B9A /* Goal.swift in Sources */ = {isa = PBXBuildFile; fileRef = B3A8DCB12C0D63B200ED5B9A /* Goal.swift */; };
		B3A8DCB42C0D641400ED5B9A /* Activity.swift in Sources */ = {isa = PBXBuildFile; fileRef = B3A8DCB32C0D641400ED5B9A /* Activity.swift */; };
		B3A8DCB72C0D662100ED5B9A /* ActivitySelection.swift in Sources */ = {isa = PBXBuildFile; fileRef = B3A8DCB62C0D662100ED5B9A /* ActivitySelection.swift */; };
		D30C7DEC2C17D57A0021483A /* goalCompletionScreen.swift in Sources */ = {isa = PBXBuildFile; fileRef = D30C7DEB2C17D57A0021483A /* goalCompletionScreen.swift */; };
		D30C7DEF2C17D5980021483A /* SDWebImageSwiftUI in Frameworks */ = {isa = PBXBuildFile; productRef = D30C7DEE2C17D5980021483A /* SDWebImageSwiftUI */; };
		D30C7DF12C17D7DE0021483A /* animatedWoofles.swift in Sources */ = {isa = PBXBuildFile; fileRef = D30C7DF02C17D7DE0021483A /* animatedWoofles.swift */; };
		D3AD359B2C0FF88E008BC3F6 /* MapView.swift in Sources */ = {isa = PBXBuildFile; fileRef = D3AD359A2C0FF88E008BC3F6 /* MapView.swift */; };
/* End PBXBuildFile section */

/* Begin PBXContainerItemProxy section */
		B3A8DC882C08095600ED5B9A /* PBXContainerItemProxy */ = {
			isa = PBXContainerItemProxy;
			containerPortal = B3A8DC6F2C08095400ED5B9A /* Project object */;
			proxyType = 1;
			remoteGlobalIDString = B3A8DC762C08095400ED5B9A;
			remoteInfo = woofle;
		};
		B3A8DC922C08095600ED5B9A /* PBXContainerItemProxy */ = {
			isa = PBXContainerItemProxy;
			containerPortal = B3A8DC6F2C08095400ED5B9A /* Project object */;
			proxyType = 1;
			remoteGlobalIDString = B3A8DC762C08095400ED5B9A;
			remoteInfo = woofle;
		};
/* End PBXContainerItemProxy section */

/* Begin PBXFileReference section */
		049E373E2C113AB800DD2F69 /* WelcomePage.swift */ = {isa = PBXFileReference; lastKnownFileType = sourcecode.swift; path = WelcomePage.swift; sourceTree = "<group>"; };
		049E374E2C115DC200DD2F69 /* Info.plist */ = {isa = PBXFileReference; lastKnownFileType = text.plist; path = Info.plist; sourceTree = "<group>"; };
		049E374F2C1168F800DD2F69 /* LogIn.swift */ = {isa = PBXFileReference; lastKnownFileType = sourcecode.swift; path = LogIn.swift; sourceTree = "<group>"; };
		880FC53C2C0FE7D700A78F3E /* nameInputScreen.swift */ = {isa = PBXFileReference; lastKnownFileType = sourcecode.swift; path = nameInputScreen.swift; sourceTree = "<group>"; };
		880FC53E2C0FEEF800A78F3E /* whyDownloadScreen.swift */ = {isa = PBXFileReference; lastKnownFileType = sourcecode.swift; path = whyDownloadScreen.swift; sourceTree = "<group>"; };
		8820B9E42C11369000F01434 /* toggleButton.swift */ = {isa = PBXFileReference; lastKnownFileType = sourcecode.swift; path = toggleButton.swift; sourceTree = "<group>"; };
		88C425F02C0E904800ADECAD /* goalInputScreen.swift */ = {isa = PBXFileReference; lastKnownFileType = sourcecode.swift; path = goalInputScreen.swift; sourceTree = "<group>"; };
		88FB787C2C1295E400F61A74 /* LevelDropdown.swift */ = {isa = PBXFileReference; fileEncoding = 4; lastKnownFileType = sourcecode.swift; path = LevelDropdown.swift; sourceTree = "<group>"; };
		88FB787D2C1295E400F61A74 /* LevelDropdownExpanded.swift */ = {isa = PBXFileReference; fileEncoding = 4; lastKnownFileType = sourcecode.swift; path = LevelDropdownExpanded.swift; sourceTree = "<group>"; };
		88FB787E2C1295E400F61A74 /* LevelDropdownNewActivity.swift */ = {isa = PBXFileReference; fileEncoding = 4; lastKnownFileType = sourcecode.swift; path = LevelDropdownNewActivity.swift; sourceTree = "<group>"; };
		88FB787F2C1295E400F61A74 /* LevelDropdownNoActivity.swift */ = {isa = PBXFileReference; fileEncoding = 4; lastKnownFileType = sourcecode.swift; path = LevelDropdownNoActivity.swift; sourceTree = "<group>"; };
		88FB78852C1295F400F61A74 /* activitySelectedScreen.swift */ = {isa = PBXFileReference; fileEncoding = 4; lastKnownFileType = sourcecode.swift; path = activitySelectedScreen.swift; sourceTree = "<group>"; };
		88FB78872C129A8A00F61A74 /* Assets.xcassets */ = {isa = PBXFileReference; lastKnownFileType = folder.assetcatalog; path = Assets.xcassets; sourceTree = "<group>"; };
		88FB78882C129A8A00F61A74 /* Onboarding.swift */ = {isa = PBXFileReference; fileEncoding = 4; lastKnownFileType = sourcecode.swift; path = Onboarding.swift; sourceTree = "<group>"; };
		88FB78892C129A8A00F61A74 /* Onboarding2.swift */ = {isa = PBXFileReference; fileEncoding = 4; lastKnownFileType = sourcecode.swift; path = Onboarding2.swift; sourceTree = "<group>"; };
		88FB788A2C129A8A00F61A74 /* toggleButton.swift */ = {isa = PBXFileReference; fileEncoding = 4; lastKnownFileType = sourcecode.swift; path = toggleButton.swift; sourceTree = "<group>"; };
		B37BEF752C0FEE57004E34D8 /* WoofleActionButton.swift */ = {isa = PBXFileReference; lastKnownFileType = sourcecode.swift; path = WoofleActionButton.swift; sourceTree = "<group>"; };
		B39B7CB42C0E9822000B9089 /* ActivitySelectionCard.swift */ = {isa = PBXFileReference; lastKnownFileType = sourcecode.swift; path = ActivitySelectionCard.swift; sourceTree = "<group>"; };
		B3A8DC772C08095400ED5B9A /* woofle.app */ = {isa = PBXFileReference; explicitFileType = wrapper.application; includeInIndex = 0; path = woofle.app; sourceTree = BUILT_PRODUCTS_DIR; };
		B3A8DC7A2C08095400ED5B9A /* woofleApp.swift */ = {isa = PBXFileReference; lastKnownFileType = sourcecode.swift; path = woofleApp.swift; sourceTree = "<group>"; };
		B3A8DC7E2C08095500ED5B9A /* Assets.xcassets */ = {isa = PBXFileReference; lastKnownFileType = folder.assetcatalog; path = Assets.xcassets; sourceTree = "<group>"; };
		B3A8DC812C08095500ED5B9A /* Preview Assets.xcassets */ = {isa = PBXFileReference; lastKnownFileType = folder.assetcatalog; path = "Preview Assets.xcassets"; sourceTree = "<group>"; };
		B3A8DC872C08095600ED5B9A /* woofleTests.xctest */ = {isa = PBXFileReference; explicitFileType = wrapper.cfbundle; includeInIndex = 0; path = woofleTests.xctest; sourceTree = BUILT_PRODUCTS_DIR; };
		B3A8DC8B2C08095600ED5B9A /* woofleTests.swift */ = {isa = PBXFileReference; lastKnownFileType = sourcecode.swift; path = woofleTests.swift; sourceTree = "<group>"; };
		B3A8DC912C08095600ED5B9A /* woofleUITests.xctest */ = {isa = PBXFileReference; explicitFileType = wrapper.cfbundle; includeInIndex = 0; path = woofleUITests.xctest; sourceTree = BUILT_PRODUCTS_DIR; };
		B3A8DC952C08095600ED5B9A /* woofleUITests.swift */ = {isa = PBXFileReference; lastKnownFileType = sourcecode.swift; path = woofleUITests.swift; sourceTree = "<group>"; };
		B3A8DC972C08095600ED5B9A /* woofleUITestsLaunchTests.swift */ = {isa = PBXFileReference; lastKnownFileType = sourcecode.swift; path = woofleUITestsLaunchTests.swift; sourceTree = "<group>"; };
		B3A8DCAB2C0D555000ED5B9A /* SampleSwiftController.swift */ = {isa = PBXFileReference; lastKnownFileType = sourcecode.swift; path = SampleSwiftController.swift; sourceTree = "<group>"; };
		B3A8DCAD2C0D556100ED5B9A /* SampleSwiftModel.swift */ = {isa = PBXFileReference; lastKnownFileType = sourcecode.swift; path = SampleSwiftModel.swift; sourceTree = "<group>"; };
		B3A8DCAF2C0D635A00ED5B9A /* User.swift */ = {isa = PBXFileReference; lastKnownFileType = sourcecode.swift; path = User.swift; sourceTree = "<group>"; };
		B3A8DCB12C0D63B200ED5B9A /* Goal.swift */ = {isa = PBXFileReference; lastKnownFileType = sourcecode.swift; path = Goal.swift; sourceTree = "<group>"; };
		B3A8DCB32C0D641400ED5B9A /* Activity.swift */ = {isa = PBXFileReference; lastKnownFileType = sourcecode.swift; path = Activity.swift; sourceTree = "<group>"; };
		B3A8DCB62C0D662100ED5B9A /* ActivitySelection.swift */ = {isa = PBXFileReference; lastKnownFileType = sourcecode.swift; path = ActivitySelection.swift; sourceTree = "<group>"; };
		D30C7DEB2C17D57A0021483A /* goalCompletionScreen.swift */ = {isa = PBXFileReference; lastKnownFileType = sourcecode.swift; path = goalCompletionScreen.swift; sourceTree = "<group>"; };
		D30C7DF02C17D7DE0021483A /* animatedWoofles.swift */ = {isa = PBXFileReference; lastKnownFileType = sourcecode.swift; path = animatedWoofles.swift; sourceTree = "<group>"; };
		D3AD359A2C0FF88E008BC3F6 /* MapView.swift */ = {isa = PBXFileReference; lastKnownFileType = sourcecode.swift; path = MapView.swift; sourceTree = "<group>"; };
/* End PBXFileReference section */

/* Begin PBXFrameworksBuildPhase section */
		B3A8DC742C08095400ED5B9A /* Frameworks */ = {
			isa = PBXFrameworksBuildPhase;
			buildActionMask = 2147483647;
			files = (
				D30C7DEF2C17D5980021483A /* SDWebImageSwiftUI in Frameworks */,
			);
			runOnlyForDeploymentPostprocessing = 0;
		};
		B3A8DC842C08095600ED5B9A /* Frameworks */ = {
			isa = PBXFrameworksBuildPhase;
			buildActionMask = 2147483647;
			files = (
			);
			runOnlyForDeploymentPostprocessing = 0;
		};
		B3A8DC8E2C08095600ED5B9A /* Frameworks */ = {
			isa = PBXFrameworksBuildPhase;
			buildActionMask = 2147483647;
			files = (
			);
			runOnlyForDeploymentPostprocessing = 0;
		};
/* End PBXFrameworksBuildPhase section */

/* Begin PBXGroup section */
		8820B9E32C11365500F01434 /* onboarding */ = {
			isa = PBXGroup;
			children = (
				8820B9E42C11369000F01434 /* toggleButton.swift */,
			);
			path = onboarding;
			sourceTree = "<group>";
		};
		88FB78802C1295E400F61A74 /* Level */ = {
			isa = PBXGroup;
			children = (
				88FB787C2C1295E400F61A74 /* LevelDropdown.swift */,
				88FB787D2C1295E400F61A74 /* LevelDropdownExpanded.swift */,
				88FB787E2C1295E400F61A74 /* LevelDropdownNewActivity.swift */,
				88FB787F2C1295E400F61A74 /* LevelDropdownNoActivity.swift */,
			);
			path = Level;
			sourceTree = "<group>";
		};
		88FB788B2C129A8A00F61A74 /* onboarding */ = {
			isa = PBXGroup;
			children = (
				88FB78872C129A8A00F61A74 /* Assets.xcassets */,
				88FB78882C129A8A00F61A74 /* Onboarding.swift */,
				88FB78892C129A8A00F61A74 /* Onboarding2.swift */,
				88FB788A2C129A8A00F61A74 /* toggleButton.swift */,
			);
			path = onboarding;
			sourceTree = "<group>";
		};
		B37BEF722C0FEC1D004E34D8 /* Core */ = {
			isa = PBXGroup;
			children = (
				B37BEF752C0FEE57004E34D8 /* WoofleActionButton.swift */,
			);
			path = Core;
			sourceTree = "<group>";
		};
		B3A8DC6E2C08095400ED5B9A = {
			isa = PBXGroup;
			children = (
				B3A8DC792C08095400ED5B9A /* woofle */,
				B3A8DC8A2C08095600ED5B9A /* woofleTests */,
				B3A8DC942C08095600ED5B9A /* woofleUITests */,
				B3A8DC782C08095400ED5B9A /* Products */,
			);
			sourceTree = "<group>";
		};
		B3A8DC782C08095400ED5B9A /* Products */ = {
			isa = PBXGroup;
			children = (
				B3A8DC772C08095400ED5B9A /* woofle.app */,
				B3A8DC872C08095600ED5B9A /* woofleTests.xctest */,
				B3A8DC912C08095600ED5B9A /* woofleUITests.xctest */,
			);
			name = Products;
			sourceTree = "<group>";
		};
		B3A8DC792C08095400ED5B9A /* woofle */ = {
			isa = PBXGroup;
			children = (
				88FB78852C1295F400F61A74 /* activitySelectedScreen.swift */,
				049E374E2C115DC200DD2F69 /* Info.plist */,
				B3A8DCAA2C0D54C200ED5B9A /* Controller */,
				B3A8DCA92C0D54BB00ED5B9A /* Model */,
				B3A8DCA82C0D54A400ED5B9A /* View */,
				B3A8DC7A2C08095400ED5B9A /* woofleApp.swift */,
				D3AD359A2C0FF88E008BC3F6 /* MapView.swift */,
				B3A8DC7E2C08095500ED5B9A /* Assets.xcassets */,
				049E373E2C113AB800DD2F69 /* WelcomePage.swift */,
				049E374F2C1168F800DD2F69 /* LogIn.swift */,
				D30C7DF02C17D7DE0021483A /* animatedWoofles.swift */,
				B3A8DC802C08095500ED5B9A /* Preview Content */,
				88C425F02C0E904800ADECAD /* goalInputScreen.swift */,
				D30C7DEB2C17D57A0021483A /* goalCompletionScreen.swift */,
				880FC53C2C0FE7D700A78F3E /* nameInputScreen.swift */,
				880FC53E2C0FEEF800A78F3E /* whyDownloadScreen.swift */,
			);
			path = woofle;
			sourceTree = "<group>";
		};
		B3A8DC802C08095500ED5B9A /* Preview Content */ = {
			isa = PBXGroup;
			children = (
				B3A8DC812C08095500ED5B9A /* Preview Assets.xcassets */,
			);
			path = "Preview Content";
			sourceTree = "<group>";
		};
		B3A8DC8A2C08095600ED5B9A /* woofleTests */ = {
			isa = PBXGroup;
			children = (
				B3A8DC8B2C08095600ED5B9A /* woofleTests.swift */,
			);
			path = woofleTests;
			sourceTree = "<group>";
		};
		B3A8DC942C08095600ED5B9A /* woofleUITests */ = {
			isa = PBXGroup;
			children = (
				B3A8DC952C08095600ED5B9A /* woofleUITests.swift */,
				B3A8DC972C08095600ED5B9A /* woofleUITestsLaunchTests.swift */,
			);
			path = woofleUITests;
			sourceTree = "<group>";
		};
		B3A8DCA82C0D54A400ED5B9A /* View */ = {
			isa = PBXGroup;
			children = (
				88FB788B2C129A8A00F61A74 /* onboarding */,
				88FB78802C1295E400F61A74 /* Level */,
				8820B9E32C11365500F01434 /* onboarding */,
				B37BEF722C0FEC1D004E34D8 /* Core */,
				B3A8DCB52C0D65FD00ED5B9A /* activity */,
			);
			path = View;
			sourceTree = "<group>";
		};
		B3A8DCA92C0D54BB00ED5B9A /* Model */ = {
			isa = PBXGroup;
			children = (
				B3A8DCAD2C0D556100ED5B9A /* SampleSwiftModel.swift */,
				B3A8DCAF2C0D635A00ED5B9A /* User.swift */,
				B3A8DCB12C0D63B200ED5B9A /* Goal.swift */,
				B3A8DCB32C0D641400ED5B9A /* Activity.swift */,
			);
			path = Model;
			sourceTree = "<group>";
		};
		B3A8DCAA2C0D54C200ED5B9A /* Controller */ = {
			isa = PBXGroup;
			children = (
				B3A8DCAB2C0D555000ED5B9A /* SampleSwiftController.swift */,
			);
			path = Controller;
			sourceTree = "<group>";
		};
		B3A8DCB52C0D65FD00ED5B9A /* activity */ = {
			isa = PBXGroup;
			children = (
				B3A8DCB62C0D662100ED5B9A /* ActivitySelection.swift */,
				B39B7CB42C0E9822000B9089 /* ActivitySelectionCard.swift */,
			);
			path = activity;
			sourceTree = "<group>";
		};
/* End PBXGroup section */

/* Begin PBXNativeTarget section */
		B3A8DC762C08095400ED5B9A /* woofle */ = {
			isa = PBXNativeTarget;
			buildConfigurationList = B3A8DC9B2C08095600ED5B9A /* Build configuration list for PBXNativeTarget "woofle" */;
			buildPhases = (
				B3A8DC732C08095400ED5B9A /* Sources */,
				B3A8DC742C08095400ED5B9A /* Frameworks */,
				B3A8DC752C08095400ED5B9A /* Resources */,
			);
			buildRules = (
			);
			dependencies = (
			);
			name = woofle;
			packageProductDependencies = (
				D30C7DEE2C17D5980021483A /* SDWebImageSwiftUI */,
			);
			productName = woofle;
			productReference = B3A8DC772C08095400ED5B9A /* woofle.app */;
			productType = "com.apple.product-type.application";
		};
		B3A8DC862C08095600ED5B9A /* woofleTests */ = {
			isa = PBXNativeTarget;
			buildConfigurationList = B3A8DC9E2C08095600ED5B9A /* Build configuration list for PBXNativeTarget "woofleTests" */;
			buildPhases = (
				B3A8DC832C08095600ED5B9A /* Sources */,
				B3A8DC842C08095600ED5B9A /* Frameworks */,
				B3A8DC852C08095600ED5B9A /* Resources */,
			);
			buildRules = (
			);
			dependencies = (
				B3A8DC892C08095600ED5B9A /* PBXTargetDependency */,
			);
			name = woofleTests;
			productName = woofleTests;
			productReference = B3A8DC872C08095600ED5B9A /* woofleTests.xctest */;
			productType = "com.apple.product-type.bundle.unit-test";
		};
		B3A8DC902C08095600ED5B9A /* woofleUITests */ = {
			isa = PBXNativeTarget;
			buildConfigurationList = B3A8DCA12C08095600ED5B9A /* Build configuration list for PBXNativeTarget "woofleUITests" */;
			buildPhases = (
				B3A8DC8D2C08095600ED5B9A /* Sources */,
				B3A8DC8E2C08095600ED5B9A /* Frameworks */,
				B3A8DC8F2C08095600ED5B9A /* Resources */,
			);
			buildRules = (
			);
			dependencies = (
				B3A8DC932C08095600ED5B9A /* PBXTargetDependency */,
			);
			name = woofleUITests;
			productName = woofleUITests;
			productReference = B3A8DC912C08095600ED5B9A /* woofleUITests.xctest */;
			productType = "com.apple.product-type.bundle.ui-testing";
		};
/* End PBXNativeTarget section */

/* Begin PBXProject section */
		B3A8DC6F2C08095400ED5B9A /* Project object */ = {
			isa = PBXProject;
			attributes = {
				BuildIndependentTargetsInParallel = 1;
				LastSwiftUpdateCheck = 1540;
				LastUpgradeCheck = 1540;
				TargetAttributes = {
					B3A8DC762C08095400ED5B9A = {
						CreatedOnToolsVersion = 15.4;
					};
					B3A8DC862C08095600ED5B9A = {
						CreatedOnToolsVersion = 15.4;
						TestTargetID = B3A8DC762C08095400ED5B9A;
					};
					B3A8DC902C08095600ED5B9A = {
						CreatedOnToolsVersion = 15.4;
						TestTargetID = B3A8DC762C08095400ED5B9A;
					};
				};
			};
			buildConfigurationList = B3A8DC722C08095400ED5B9A /* Build configuration list for PBXProject "woofle" */;
			compatibilityVersion = "Xcode 14.0";
			developmentRegion = en;
			hasScannedForEncodings = 0;
			knownRegions = (
				en,
				Base,
			);
			mainGroup = B3A8DC6E2C08095400ED5B9A;
			packageReferences = (
				D30C7DED2C17D5980021483A /* XCRemoteSwiftPackageReference "SDWebImageSwiftUI" */,
			);
			productRefGroup = B3A8DC782C08095400ED5B9A /* Products */;
			projectDirPath = "";
			projectRoot = "";
			targets = (
				B3A8DC762C08095400ED5B9A /* woofle */,
				B3A8DC862C08095600ED5B9A /* woofleTests */,
				B3A8DC902C08095600ED5B9A /* woofleUITests */,
			);
		};
/* End PBXProject section */

/* Begin PBXResourcesBuildPhase section */
		B3A8DC752C08095400ED5B9A /* Resources */ = {
			isa = PBXResourcesBuildPhase;
			buildActionMask = 2147483647;
			files = (
				B3A8DC822C08095500ED5B9A /* Preview Assets.xcassets in Resources */,
				88FB788C2C129A8A00F61A74 /* Assets.xcassets in Resources */,
				B3A8DC7F2C08095500ED5B9A /* Assets.xcassets in Resources */,
			);
			runOnlyForDeploymentPostprocessing = 0;
		};
		B3A8DC852C08095600ED5B9A /* Resources */ = {
			isa = PBXResourcesBuildPhase;
			buildActionMask = 2147483647;
			files = (
			);
			runOnlyForDeploymentPostprocessing = 0;
		};
		B3A8DC8F2C08095600ED5B9A /* Resources */ = {
			isa = PBXResourcesBuildPhase;
			buildActionMask = 2147483647;
			files = (
			);
			runOnlyForDeploymentPostprocessing = 0;
		};
/* End PBXResourcesBuildPhase section */

/* Begin PBXSourcesBuildPhase section */
		B3A8DC732C08095400ED5B9A /* Sources */ = {
			isa = PBXSourcesBuildPhase;
			buildActionMask = 2147483647;
			files = (
				880FC53D2C0FE7D700A78F3E /* nameInputScreen.swift in Sources */,
				D3AD359B2C0FF88E008BC3F6 /* MapView.swift in Sources */,
				88FB788D2C129A8A00F61A74 /* Onboarding.swift in Sources */,
				88C425F12C0E904800ADECAD /* goalInputScreen.swift in Sources */,
				B3A8DCAE2C0D556100ED5B9A /* SampleSwiftModel.swift in Sources */,
				88FB78822C1295E400F61A74 /* LevelDropdownExpanded.swift in Sources */,
				D30C7DF12C17D7DE0021483A /* animatedWoofles.swift in Sources */,
				B3A8DCB42C0D641400ED5B9A /* Activity.swift in Sources */,
				88FB78832C1295E400F61A74 /* LevelDropdownNewActivity.swift in Sources */,
				B3A8DC7B2C08095400ED5B9A /* woofleApp.swift in Sources */,
				88FB788F2C129A8A00F61A74 /* toggleButton.swift in Sources */,
				88FB788E2C129A8A00F61A74 /* Onboarding2.swift in Sources */,
				88FB78812C1295E400F61A74 /* LevelDropdown.swift in Sources */,
				B3A8DCB02C0D635A00ED5B9A /* User.swift in Sources */,
				B37BEF762C0FEE57004E34D8 /* WoofleActionButton.swift in Sources */,
				D30C7DEC2C17D57A0021483A /* goalCompletionScreen.swift in Sources */,
				88FB78842C1295E400F61A74 /* LevelDropdownNoActivity.swift in Sources */,
				B3A8DCB72C0D662100ED5B9A /* ActivitySelection.swift in Sources */,
				8820B9E52C11369000F01434 /* toggleButton.swift in Sources */,
				B3A8DCB22C0D63B200ED5B9A /* Goal.swift in Sources */,
				88FB78862C1295F400F61A74 /* activitySelectedScreen.swift in Sources */,
				B39B7CB52C0E9822000B9089 /* ActivitySelectionCard.swift in Sources */,
				B3A8DCAC2C0D555000ED5B9A /* SampleSwiftController.swift in Sources */,
				880FC53F2C0FEEF800A78F3E /* whyDownloadScreen.swift in Sources */,
				049E373F2C113AB800DD2F69 /* WelcomePage.swift in Sources */,
				B39B7CB52C0E9822000B9089 /* ActivitySelectionCard.swift in Sources */,
				B3A8DCAC2C0D555000ED5B9A /* SampleSwiftController.swift in Sources */,
				049E37502C1168F800DD2F69 /* LogIn.swift in Sources */,
			);
			runOnlyForDeploymentPostprocessing = 0;
		};
		B3A8DC832C08095600ED5B9A /* Sources */ = {
			isa = PBXSourcesBuildPhase;
			buildActionMask = 2147483647;
			files = (
				B3A8DC8C2C08095600ED5B9A /* woofleTests.swift in Sources */,
			);
			runOnlyForDeploymentPostprocessing = 0;
		};
		B3A8DC8D2C08095600ED5B9A /* Sources */ = {
			isa = PBXSourcesBuildPhase;
			buildActionMask = 2147483647;
			files = (
				B3A8DC982C08095600ED5B9A /* woofleUITestsLaunchTests.swift in Sources */,
				B3A8DC962C08095600ED5B9A /* woofleUITests.swift in Sources */,
			);
			runOnlyForDeploymentPostprocessing = 0;
		};
/* End PBXSourcesBuildPhase section */

/* Begin PBXTargetDependency section */
		B3A8DC892C08095600ED5B9A /* PBXTargetDependency */ = {
			isa = PBXTargetDependency;
			target = B3A8DC762C08095400ED5B9A /* woofle */;
			targetProxy = B3A8DC882C08095600ED5B9A /* PBXContainerItemProxy */;
		};
		B3A8DC932C08095600ED5B9A /* PBXTargetDependency */ = {
			isa = PBXTargetDependency;
			target = B3A8DC762C08095400ED5B9A /* woofle */;
			targetProxy = B3A8DC922C08095600ED5B9A /* PBXContainerItemProxy */;
		};
/* End PBXTargetDependency section */

/* Begin XCBuildConfiguration section */
		B3A8DC992C08095600ED5B9A /* Debug */ = {
			isa = XCBuildConfiguration;
			buildSettings = {
				ALWAYS_SEARCH_USER_PATHS = NO;
				ASSETCATALOG_COMPILER_GENERATE_SWIFT_ASSET_SYMBOL_EXTENSIONS = YES;
				CLANG_ANALYZER_NONNULL = YES;
				CLANG_ANALYZER_NUMBER_OBJECT_CONVERSION = YES_AGGRESSIVE;
				CLANG_CXX_LANGUAGE_STANDARD = "gnu++20";
				CLANG_ENABLE_MODULES = YES;
				CLANG_ENABLE_OBJC_ARC = YES;
				CLANG_ENABLE_OBJC_WEAK = YES;
				CLANG_WARN_BLOCK_CAPTURE_AUTORELEASING = YES;
				CLANG_WARN_BOOL_CONVERSION = YES;
				CLANG_WARN_COMMA = YES;
				CLANG_WARN_CONSTANT_CONVERSION = YES;
				CLANG_WARN_DEPRECATED_OBJC_IMPLEMENTATIONS = YES;
				CLANG_WARN_DIRECT_OBJC_ISA_USAGE = YES_ERROR;
				CLANG_WARN_DOCUMENTATION_COMMENTS = YES;
				CLANG_WARN_EMPTY_BODY = YES;
				CLANG_WARN_ENUM_CONVERSION = YES;
				CLANG_WARN_INFINITE_RECURSION = YES;
				CLANG_WARN_INT_CONVERSION = YES;
				CLANG_WARN_NON_LITERAL_NULL_CONVERSION = YES;
				CLANG_WARN_OBJC_IMPLICIT_RETAIN_SELF = YES;
				CLANG_WARN_OBJC_LITERAL_CONVERSION = YES;
				CLANG_WARN_OBJC_ROOT_CLASS = YES_ERROR;
				CLANG_WARN_QUOTED_INCLUDE_IN_FRAMEWORK_HEADER = YES;
				CLANG_WARN_RANGE_LOOP_ANALYSIS = YES;
				CLANG_WARN_STRICT_PROTOTYPES = YES;
				CLANG_WARN_SUSPICIOUS_MOVE = YES;
				CLANG_WARN_UNGUARDED_AVAILABILITY = YES_AGGRESSIVE;
				CLANG_WARN_UNREACHABLE_CODE = YES;
				CLANG_WARN__DUPLICATE_METHOD_MATCH = YES;
				COPY_PHASE_STRIP = NO;
				DEBUG_INFORMATION_FORMAT = dwarf;
				ENABLE_STRICT_OBJC_MSGSEND = YES;
				ENABLE_TESTABILITY = YES;
				ENABLE_USER_SCRIPT_SANDBOXING = YES;
				GCC_C_LANGUAGE_STANDARD = gnu17;
				GCC_DYNAMIC_NO_PIC = NO;
				GCC_NO_COMMON_BLOCKS = YES;
				GCC_OPTIMIZATION_LEVEL = 0;
				GCC_PREPROCESSOR_DEFINITIONS = (
					"DEBUG=1",
					"$(inherited)",
				);
				GCC_WARN_64_TO_32_BIT_CONVERSION = YES;
				GCC_WARN_ABOUT_RETURN_TYPE = YES_ERROR;
				GCC_WARN_UNDECLARED_SELECTOR = YES;
				GCC_WARN_UNINITIALIZED_AUTOS = YES_AGGRESSIVE;
				GCC_WARN_UNUSED_FUNCTION = YES;
				GCC_WARN_UNUSED_VARIABLE = YES;
				IPHONEOS_DEPLOYMENT_TARGET = 17.5;
				LOCALIZATION_PREFERS_STRING_CATALOGS = YES;
				MTL_ENABLE_DEBUG_INFO = INCLUDE_SOURCE;
				MTL_FAST_MATH = YES;
				ONLY_ACTIVE_ARCH = YES;
				SDKROOT = iphoneos;
				SWIFT_ACTIVE_COMPILATION_CONDITIONS = "DEBUG $(inherited)";
				SWIFT_OPTIMIZATION_LEVEL = "-Onone";
			};
			name = Debug;
		};
		B3A8DC9A2C08095600ED5B9A /* Release */ = {
			isa = XCBuildConfiguration;
			buildSettings = {
				ALWAYS_SEARCH_USER_PATHS = NO;
				ASSETCATALOG_COMPILER_GENERATE_SWIFT_ASSET_SYMBOL_EXTENSIONS = YES;
				CLANG_ANALYZER_NONNULL = YES;
				CLANG_ANALYZER_NUMBER_OBJECT_CONVERSION = YES_AGGRESSIVE;
				CLANG_CXX_LANGUAGE_STANDARD = "gnu++20";
				CLANG_ENABLE_MODULES = YES;
				CLANG_ENABLE_OBJC_ARC = YES;
				CLANG_ENABLE_OBJC_WEAK = YES;
				CLANG_WARN_BLOCK_CAPTURE_AUTORELEASING = YES;
				CLANG_WARN_BOOL_CONVERSION = YES;
				CLANG_WARN_COMMA = YES;
				CLANG_WARN_CONSTANT_CONVERSION = YES;
				CLANG_WARN_DEPRECATED_OBJC_IMPLEMENTATIONS = YES;
				CLANG_WARN_DIRECT_OBJC_ISA_USAGE = YES_ERROR;
				CLANG_WARN_DOCUMENTATION_COMMENTS = YES;
				CLANG_WARN_EMPTY_BODY = YES;
				CLANG_WARN_ENUM_CONVERSION = YES;
				CLANG_WARN_INFINITE_RECURSION = YES;
				CLANG_WARN_INT_CONVERSION = YES;
				CLANG_WARN_NON_LITERAL_NULL_CONVERSION = YES;
				CLANG_WARN_OBJC_IMPLICIT_RETAIN_SELF = YES;
				CLANG_WARN_OBJC_LITERAL_CONVERSION = YES;
				CLANG_WARN_OBJC_ROOT_CLASS = YES_ERROR;
				CLANG_WARN_QUOTED_INCLUDE_IN_FRAMEWORK_HEADER = YES;
				CLANG_WARN_RANGE_LOOP_ANALYSIS = YES;
				CLANG_WARN_STRICT_PROTOTYPES = YES;
				CLANG_WARN_SUSPICIOUS_MOVE = YES;
				CLANG_WARN_UNGUARDED_AVAILABILITY = YES_AGGRESSIVE;
				CLANG_WARN_UNREACHABLE_CODE = YES;
				CLANG_WARN__DUPLICATE_METHOD_MATCH = YES;
				COPY_PHASE_STRIP = NO;
				DEBUG_INFORMATION_FORMAT = "dwarf-with-dsym";
				ENABLE_NS_ASSERTIONS = NO;
				ENABLE_STRICT_OBJC_MSGSEND = YES;
				ENABLE_USER_SCRIPT_SANDBOXING = YES;
				GCC_C_LANGUAGE_STANDARD = gnu17;
				GCC_NO_COMMON_BLOCKS = YES;
				GCC_WARN_64_TO_32_BIT_CONVERSION = YES;
				GCC_WARN_ABOUT_RETURN_TYPE = YES_ERROR;
				GCC_WARN_UNDECLARED_SELECTOR = YES;
				GCC_WARN_UNINITIALIZED_AUTOS = YES_AGGRESSIVE;
				GCC_WARN_UNUSED_FUNCTION = YES;
				GCC_WARN_UNUSED_VARIABLE = YES;
				IPHONEOS_DEPLOYMENT_TARGET = 17.5;
				LOCALIZATION_PREFERS_STRING_CATALOGS = YES;
				MTL_ENABLE_DEBUG_INFO = NO;
				MTL_FAST_MATH = YES;
				SDKROOT = iphoneos;
				SWIFT_COMPILATION_MODE = wholemodule;
				VALIDATE_PRODUCT = YES;
			};
			name = Release;
		};
		B3A8DC9C2C08095600ED5B9A /* Debug */ = {
			isa = XCBuildConfiguration;
			buildSettings = {
				ASSETCATALOG_COMPILER_APPICON_NAME = AppIcon;
				ASSETCATALOG_COMPILER_GLOBAL_ACCENT_COLOR_NAME = AccentColor;
				CODE_SIGN_STYLE = Automatic;
				CURRENT_PROJECT_VERSION = 1;
				DEVELOPMENT_ASSET_PATHS = "\"woofle/Preview Content\"";
				DEVELOPMENT_TEAM = 76JC544WPM;
				ENABLE_PREVIEWS = YES;
				GENERATE_INFOPLIST_FILE = YES;
				INFOPLIST_FILE = woofle/Info.plist;
				INFOPLIST_KEY_CFBundleDisplayName = "";
				INFOPLIST_KEY_LSApplicationCategoryType = "";
				INFOPLIST_KEY_UIApplicationSceneManifest_Generation = YES;
				INFOPLIST_KEY_UIApplicationSupportsIndirectInputEvents = YES;
				INFOPLIST_KEY_UILaunchScreen_Generation = YES;
				INFOPLIST_KEY_UISupportedInterfaceOrientations_iPad = "UIInterfaceOrientationPortrait UIInterfaceOrientationPortraitUpsideDown UIInterfaceOrientationLandscapeLeft UIInterfaceOrientationLandscapeRight";
				INFOPLIST_KEY_UISupportedInterfaceOrientations_iPhone = "UIInterfaceOrientationPortrait UIInterfaceOrientationLandscapeLeft UIInterfaceOrientationLandscapeRight";
				LD_RUNPATH_SEARCH_PATHS = (
					"$(inherited)",
					"@executable_path/Frameworks",
				);
				MARKETING_VERSION = 1.0;
				PRODUCT_BUNDLE_IDENTIFIER = com.android.woofle;
				PRODUCT_NAME = "$(TARGET_NAME)";
				SWIFT_EMIT_LOC_STRINGS = YES;
				SWIFT_VERSION = 5.0;
				TARGETED_DEVICE_FAMILY = "1,2";
			};
			name = Debug;
		};
		B3A8DC9D2C08095600ED5B9A /* Release */ = {
			isa = XCBuildConfiguration;
			buildSettings = {
				ASSETCATALOG_COMPILER_APPICON_NAME = AppIcon;
				ASSETCATALOG_COMPILER_GLOBAL_ACCENT_COLOR_NAME = AccentColor;
				CODE_SIGN_STYLE = Automatic;
				CURRENT_PROJECT_VERSION = 1;
				DEVELOPMENT_ASSET_PATHS = "\"woofle/Preview Content\"";
				DEVELOPMENT_TEAM = 76JC544WPM;
				ENABLE_PREVIEWS = YES;
				GENERATE_INFOPLIST_FILE = YES;
				INFOPLIST_FILE = woofle/Info.plist;
				INFOPLIST_KEY_CFBundleDisplayName = "";
				INFOPLIST_KEY_LSApplicationCategoryType = "";
				INFOPLIST_KEY_UIApplicationSceneManifest_Generation = YES;
				INFOPLIST_KEY_UIApplicationSupportsIndirectInputEvents = YES;
				INFOPLIST_KEY_UILaunchScreen_Generation = YES;
				INFOPLIST_KEY_UISupportedInterfaceOrientations_iPad = "UIInterfaceOrientationPortrait UIInterfaceOrientationPortraitUpsideDown UIInterfaceOrientationLandscapeLeft UIInterfaceOrientationLandscapeRight";
				INFOPLIST_KEY_UISupportedInterfaceOrientations_iPhone = "UIInterfaceOrientationPortrait UIInterfaceOrientationLandscapeLeft UIInterfaceOrientationLandscapeRight";
				LD_RUNPATH_SEARCH_PATHS = (
					"$(inherited)",
					"@executable_path/Frameworks",
				);
				MARKETING_VERSION = 1.0;
				PRODUCT_BUNDLE_IDENTIFIER = com.android.woofle;
				PRODUCT_NAME = "$(TARGET_NAME)";
				SWIFT_EMIT_LOC_STRINGS = YES;
				SWIFT_VERSION = 5.0;
				TARGETED_DEVICE_FAMILY = "1,2";
			};
			name = Release;
		};
		B3A8DC9F2C08095600ED5B9A /* Debug */ = {
			isa = XCBuildConfiguration;
			buildSettings = {
				ALWAYS_EMBED_SWIFT_STANDARD_LIBRARIES = YES;
				BUNDLE_LOADER = "$(TEST_HOST)";
				CODE_SIGN_STYLE = Automatic;
				CURRENT_PROJECT_VERSION = 1;
				DEVELOPMENT_TEAM = 76JC544WPM;
				GENERATE_INFOPLIST_FILE = YES;
				IPHONEOS_DEPLOYMENT_TARGET = 17.5;
				MARKETING_VERSION = 1.0;
				PRODUCT_BUNDLE_IDENTIFIER = com.android.woofleTests;
				PRODUCT_NAME = "$(TARGET_NAME)";
				SWIFT_EMIT_LOC_STRINGS = NO;
				SWIFT_VERSION = 5.0;
				TARGETED_DEVICE_FAMILY = "1,2";
				TEST_HOST = "$(BUILT_PRODUCTS_DIR)/woofle.app/$(BUNDLE_EXECUTABLE_FOLDER_PATH)/woofle";
			};
			name = Debug;
		};
		B3A8DCA02C08095600ED5B9A /* Release */ = {
			isa = XCBuildConfiguration;
			buildSettings = {
				ALWAYS_EMBED_SWIFT_STANDARD_LIBRARIES = YES;
				BUNDLE_LOADER = "$(TEST_HOST)";
				CODE_SIGN_STYLE = Automatic;
				CURRENT_PROJECT_VERSION = 1;
				DEVELOPMENT_TEAM = 76JC544WPM;
				GENERATE_INFOPLIST_FILE = YES;
				IPHONEOS_DEPLOYMENT_TARGET = 17.5;
				MARKETING_VERSION = 1.0;
				PRODUCT_BUNDLE_IDENTIFIER = com.android.woofleTests;
				PRODUCT_NAME = "$(TARGET_NAME)";
				SWIFT_EMIT_LOC_STRINGS = NO;
				SWIFT_VERSION = 5.0;
				TARGETED_DEVICE_FAMILY = "1,2";
				TEST_HOST = "$(BUILT_PRODUCTS_DIR)/woofle.app/$(BUNDLE_EXECUTABLE_FOLDER_PATH)/woofle";
			};
			name = Release;
		};
		B3A8DCA22C08095600ED5B9A /* Debug */ = {
			isa = XCBuildConfiguration;
			buildSettings = {
				ALWAYS_EMBED_SWIFT_STANDARD_LIBRARIES = YES;
				CODE_SIGN_STYLE = Automatic;
				CURRENT_PROJECT_VERSION = 1;
				DEVELOPMENT_TEAM = 76JC544WPM;
				GENERATE_INFOPLIST_FILE = YES;
				MARKETING_VERSION = 1.0;
				PRODUCT_BUNDLE_IDENTIFIER = com.android.woofleUITests;
				PRODUCT_NAME = "$(TARGET_NAME)";
				SWIFT_EMIT_LOC_STRINGS = NO;
				SWIFT_VERSION = 5.0;
				TARGETED_DEVICE_FAMILY = "1,2";
				TEST_TARGET_NAME = woofle;
			};
			name = Debug;
		};
		B3A8DCA32C08095600ED5B9A /* Release */ = {
			isa = XCBuildConfiguration;
			buildSettings = {
				ALWAYS_EMBED_SWIFT_STANDARD_LIBRARIES = YES;
				CODE_SIGN_STYLE = Automatic;
				CURRENT_PROJECT_VERSION = 1;
				DEVELOPMENT_TEAM = 76JC544WPM;
				GENERATE_INFOPLIST_FILE = YES;
				MARKETING_VERSION = 1.0;
				PRODUCT_BUNDLE_IDENTIFIER = com.android.woofleUITests;
				PRODUCT_NAME = "$(TARGET_NAME)";
				SWIFT_EMIT_LOC_STRINGS = NO;
				SWIFT_VERSION = 5.0;
				TARGETED_DEVICE_FAMILY = "1,2";
				TEST_TARGET_NAME = woofle;
			};
			name = Release;
		};
/* End XCBuildConfiguration section */

/* Begin XCConfigurationList section */
		B3A8DC722C08095400ED5B9A /* Build configuration list for PBXProject "woofle" */ = {
			isa = XCConfigurationList;
			buildConfigurations = (
				B3A8DC992C08095600ED5B9A /* Debug */,
				B3A8DC9A2C08095600ED5B9A /* Release */,
			);
			defaultConfigurationIsVisible = 0;
			defaultConfigurationName = Release;
		};
		B3A8DC9B2C08095600ED5B9A /* Build configuration list for PBXNativeTarget "woofle" */ = {
			isa = XCConfigurationList;
			buildConfigurations = (
				B3A8DC9C2C08095600ED5B9A /* Debug */,
				B3A8DC9D2C08095600ED5B9A /* Release */,
			);
			defaultConfigurationIsVisible = 0;
			defaultConfigurationName = Release;
		};
		B3A8DC9E2C08095600ED5B9A /* Build configuration list for PBXNativeTarget "woofleTests" */ = {
			isa = XCConfigurationList;
			buildConfigurations = (
				B3A8DC9F2C08095600ED5B9A /* Debug */,
				B3A8DCA02C08095600ED5B9A /* Release */,
			);
			defaultConfigurationIsVisible = 0;
			defaultConfigurationName = Release;
		};
		B3A8DCA12C08095600ED5B9A /* Build configuration list for PBXNativeTarget "woofleUITests" */ = {
			isa = XCConfigurationList;
			buildConfigurations = (
				B3A8DCA22C08095600ED5B9A /* Debug */,
				B3A8DCA32C08095600ED5B9A /* Release */,
			);
			defaultConfigurationIsVisible = 0;
			defaultConfigurationName = Release;
		};
/* End XCConfigurationList section */

/* Begin XCRemoteSwiftPackageReference section */
		D30C7DED2C17D5980021483A /* XCRemoteSwiftPackageReference "SDWebImageSwiftUI" */ = {
			isa = XCRemoteSwiftPackageReference;
			repositoryURL = "https://github.com/SDWebImage/SDWebImageSwiftUI";
			requirement = {
				kind = upToNextMajorVersion;
				minimumVersion = 3.0.4;
			};
		};
/* End XCRemoteSwiftPackageReference section */

/* Begin XCSwiftPackageProductDependency section */
		D30C7DEE2C17D5980021483A /* SDWebImageSwiftUI */ = {
			isa = XCSwiftPackageProductDependency;
			package = D30C7DED2C17D5980021483A /* XCRemoteSwiftPackageReference "SDWebImageSwiftUI" */;
			productName = SDWebImageSwiftUI;
		};
/* End XCSwiftPackageProductDependency section */
	};
	rootObject = B3A8DC6F2C08095400ED5B9A /* Project object */;
}
